
Microsoft Visual Studio Solution File, Format Version 12.00
# Visual Studio Version 17
VisualStudioVersion = 17.5.33424.131
MinimumVisualStudioVersion = 10.0.40219.1
Project("{FAE04EC0-301F-11D3-BF4B-00C04F79EFBC}") = "KeyboardButtonsDZ", "KeyboardButtonsDZ\KeyboardButtonsDZ.csproj", "{B302E4AC-D4F6-4BF7-A4E9-0B7EEB02C794}"
EndProject
Global
	GlobalSection(SolutionConfigurationPlatforms) = preSolution
		Debug|Any CPU = Debug|Any CPU
		Release|Any CPU = Release|Any CPU
	EndGlobalSection
	GlobalSection(ProjectConfigurationPlatforms) = postSolution
		{B302E4AC-D4F6-4BF7-A4E9-0B7EEB02C794}.Debug|Any CPU.ActiveCfg = Debug|Any CPU
		{B302E4AC-D4F6-4BF7-A4E9-0B7EEB02C794}.Debug|Any CPU.Build.0 = Debug|Any CPU
		{B302E4AC-D4F6-4BF7-A4E9-0B7EEB02C794}.Release|Any CPU.ActiveCfg = Release|Any CPU
		{B302E4AC-D4F6-4BF7-A4E9-0B7EEB02C794}.Release|Any CPU.Build.0 = Release|Any CPU
	EndGlobalSection
	GlobalSection(SolutionProperties) = preSolution
		HideSolutionNode = FALSE
	EndGlobalSection
	GlobalSection(ExtensibilityGlobals) = postSolution
		SolutionGuid = {478643D0-F3F6-4C95-8F7B-C72732F7282B}
	EndGlobalSection
EndGlobal
