
Microsoft Visual Studio Solution File, Format Version 12.00
# Visual Studio Version 17
VisualStudioVersion = 17.6.33723.286
MinimumVisualStudioVersion = 10.0.40219.1
Project("{FAE04EC0-301F-11D3-BF4B-00C04F79EFBC}") = "LanguageDZ", "LanguageDZ.csproj", "{5863E5F4-8EF3-4DA5-8AF5-66D2CDB2A63E}"
EndProject
Global
	GlobalSection(SolutionConfigurationPlatforms) = preSolution
		Debug|Any CPU = Debug|Any CPU
		Release|Any CPU = Release|Any CPU
	EndGlobalSection
	GlobalSection(ProjectConfigurationPlatforms) = postSolution
		{5863E5F4-8EF3-4DA5-8AF5-66D2CDB2A63E}.Debug|Any CPU.ActiveCfg = Debug|Any CPU
		{5863E5F4-8EF3-4DA5-8AF5-66D2CDB2A63E}.Debug|Any CPU.Build.0 = Debug|Any CPU
		{5863E5F4-8EF3-4DA5-8AF5-66D2CDB2A63E}.Release|Any CPU.ActiveCfg = Release|Any CPU
		{5863E5F4-8EF3-4DA5-8AF5-66D2CDB2A63E}.Release|Any CPU.Build.0 = Release|Any CPU
	EndGlobalSection
	GlobalSection(SolutionProperties) = preSolution
		HideSolutionNode = FALSE
	EndGlobalSection
	GlobalSection(ExtensibilityGlobals) = postSolution
		SolutionGuid = {2033BE6F-C163-4F80-8C3E-A5B2B2B94E1D}
	EndGlobalSection
EndGlobal
